
Microsoft Visual Studio Solution File, Format Version 12.00
# Visual Studio Version 17
VisualStudioVersion = 17.11.35303.130
MinimumVisualStudioVersion = 10.0.40219.1
Project("{2150E333-8FDC-42A3-9474-1A3956D46DE8}") = "Task0", "Task0", "{16AFCCD3-5AFA-415C-BDCD-F8A11A93BF98}"
EndProject
Project("{2150E333-8FDC-42A3-9474-1A3956D46DE8}") = "TAsk1", "TAsk1", "{4E7807C4-D1D7-4BC6-B81E-B7D0BD2A193C}"
EndProject
Project("{2150E333-8FDC-42A3-9474-1A3956D46DE8}") = "Task2", "Task2", "{58C8640A-A173-4BEA-9386-3E1C8222F4B3}"
EndProject
Project("{2150E333-8FDC-42A3-9474-1A3956D46DE8}") = "task3", "task3", "{B6159023-2E2E-4AFB-AEE9-E37FC491A362}"
EndProject
Project("{2150E333-8FDC-42A3-9474-1A3956D46DE8}") = "task4", "task4", "{50E7B7FF-B99F-4AE6-B8BA-F4C69ED43A05}"
EndProject
Project("{2150E333-8FDC-42A3-9474-1A3956D46DE8}") = "task5", "task5", "{B6EAA933-12C6-4857-AEAE-C7EFBA87666E}"
EndProject
Project("{2150E333-8FDC-42A3-9474-1A3956D46DE8}") = "task6", "task6", "{F4EC4EC2-6CE2-43E2-9FE5-E842353CDB19}"
EndProject
Project("{2150E333-8FDC-42A3-9474-1A3956D46DE8}") = "task7", "task7", "{6FB35BCF-DBE3-4838-A507-F3FD2375DC65}"
EndProject
Project("{FAE04EC0-301F-11D3-BF4B-00C04F79EFBC}") = "Tyuiu.GrebenschikovAA.Sprint3.Task0.V20.Lib", "Tyuiu.GrebenschikovAA.Sprint3.Task0.V20.Lib\Tyuiu.GrebenschikovAA.Sprint3.Task0.V20.Lib.csproj", "{99BECF59-57D8-4F21-9B6A-AB694A6B365F}"
EndProject
Project("{FAE04EC0-301F-11D3-BF4B-00C04F79EFBC}") = "Tyuiu.GrebenschikovAA.Sprint3.Task0.V20.Test", "Tyuiu.GrebenschikovAA.Sprint3.Task0.V20.Test\Tyuiu.GrebenschikovAA.Sprint3.Task0.V20.Test.csproj", "{9CF81244-9601-45DC-99AA-41F6713CA1F9}"
EndProject
Project("{FAE04EC0-301F-11D3-BF4B-00C04F79EFBC}") = "Tyuiu.GrebenschikovAA.Sprint3.Task0.V20", "Tyuiu.GrebenschikovAA.Sprint3.Task0.V20\Tyuiu.GrebenschikovAA.Sprint3.Task0.V20.csproj", "{105AACEA-160A-4F64-B67D-9F2A4CA01C5B}"
EndProject
Project("{FAE04EC0-301F-11D3-BF4B-00C04F79EFBC}") = "Tyuiu.GrebenschikovAA.Sprint3.Task1.V4", "Tyuiu.GrebenschikovAA.Sprint3.Task1.V4\Tyuiu.GrebenschikovAA.Sprint3.Task1.V4.csproj", "{6E0109C9-1F07-49D6-ABF3-30B2F6471F7D}"
EndProject
Project("{FAE04EC0-301F-11D3-BF4B-00C04F79EFBC}") = "Tyuiu.GrebenschikovAA.Sprint3.Task1.V4.Test", "Tyuiu.GrebenschikovAA.Sprint3.Task1.V4.Test\Tyuiu.GrebenschikovAA.Sprint3.Task1.V4.Test.csproj", "{6B3099A4-AE59-4A0E-BA4B-640B5B2D573E}"
EndProject
Project("{FAE04EC0-301F-11D3-BF4B-00C04F79EFBC}") = "Tyuiu.GrebenschikovAA.Sprint3.Task1.V4.Lib", "Tyuiu.GrebenschikovAA.Sprint3.Task1.V4.Lib\Tyuiu.GrebenschikovAA.Sprint3.Task1.V4.Lib.csproj", "{BE5AF369-40F6-46AC-BB64-D40A9F0445FD}"
EndProject
Project("{FAE04EC0-301F-11D3-BF4B-00C04F79EFBC}") = "Tyuiu.GrebenschikovAA.Sprint3.Task2.V10", "Tyuiu.GrebenschikovAA.Sprint3.Task2.V10\Tyuiu.GrebenschikovAA.Sprint3.Task2.V10\Tyuiu.GrebenschikovAA.Sprint3.Task2.V10.csproj", "{E90170E9-F9DE-4DE4-8770-A38DE51D586F}"
EndProject
Project("{FAE04EC0-301F-11D3-BF4B-00C04F79EFBC}") = "Tyuiu.GrebenschikovAA.Sprint3.Task2.V10.Test", "Tyuiu.GrebenschikovAA.Sprint3.Task2.V10.Test\Tyuiu.GrebenschikovAA.Sprint3.Task2.V10.Test.csproj", "{571049D8-5F04-4A0D-8233-96BDE02EECE6}"
EndProject
Project("{FAE04EC0-301F-11D3-BF4B-00C04F79EFBC}") = "Tyuiu.GrebenschikovAA.Sprint3.Task2.V10.Lib", "Tyuiu.GrebenschikovAA.Sprint3.Task2.V10.Lib\Tyuiu.GrebenschikovAA.Sprint3.Task2.V10.Lib.csproj", "{849C6265-5D57-4220-BCAD-DF80EAC59C16}"
EndProject
Project("{FAE04EC0-301F-11D3-BF4B-00C04F79EFBC}") = "Tyuiu.GrebenschikovAA.Sprint3.Task3.V18.Lib", "Tyuiu.GrebenschikovAA.Sprint3.Task3.V18.Lib\Tyuiu.GrebenschikovAA.Sprint3.Task3.V18.Lib.csproj", "{08D787B3-72EB-4476-BFC2-284E4C43643C}"
EndProject
Project("{FAE04EC0-301F-11D3-BF4B-00C04F79EFBC}") = "Tyuiu.GrebenschikovAA.Sprint3.Task3.V18.Test", "Tyuiu.GrebenschikovAA.Sprint3.Task3.V18.Test\Tyuiu.GrebenschikovAA.Sprint3.Task3.V18.Test.csproj", "{17D2FF04-E3F3-4650-9780-7FC1816B3B03}"
EndProject
Project("{FAE04EC0-301F-11D3-BF4B-00C04F79EFBC}") = "Tyuiu.GrebenschikovAA.Sprint3.Task3.V18", "Tyuiu.GrebenschikovAA.Sprint3.Task3.V18\Tyuiu.GrebenschikovAA.Sprint3.Task3.V18.csproj", "{5CBEF8C0-0783-4BB8-9E12-3F53F8E5D9A5}"
EndProject
Project("{FAE04EC0-301F-11D3-BF4B-00C04F79EFBC}") = "Tyuiu.GrebenschikovAA.Sprint3.Task4.V14.Lib", "Tyuiu.GrebenschikovAA.Sprint3.Task4.V14.Lib\Tyuiu.GrebenschikovAA.Sprint3.Task4.V14.Lib.csproj", "{7EA40BB2-143D-42F1-80E4-B7B847E9D994}"
EndProject
Project("{FAE04EC0-301F-11D3-BF4B-00C04F79EFBC}") = "Tyuiu.GrebenschikovAA.Sprint3.Task4.V14", "Tyuiu.GrebenschikovAA.Sprint3.Task4.V14\Tyuiu.GrebenschikovAA.Sprint3.Task4.V14.csproj", "{91F50F82-6A16-40BD-9A15-5B7218FAABEB}"
EndProject
Project("{FAE04EC0-301F-11D3-BF4B-00C04F79EFBC}") = "Tyuiu.GrebenschikovAA.Sprint3.Task4.V14.Test", "Tyuiu.GrebenschikovAA.Sprint3.Task4.V14.Test\Tyuiu.GrebenschikovAA.Sprint3.Task4.V14.Test.csproj", "{B6D6E8DC-7CEC-40B3-9B57-E5BB629934E6}"
EndProject
Project("{FAE04EC0-301F-11D3-BF4B-00C04F79EFBC}") = "Tyuiu.GrebenschikovAA.Sprint3.Task5.V10.Test", "Tyuiu.GrebenschikovAA.Sprint3.Task5.V10.Test\Tyuiu.GrebenschikovAA.Sprint3.Task5.V10.Test.csproj", "{77221038-F6C9-47E0-AAA9-8F445A122394}"
EndProject
Project("{FAE04EC0-301F-11D3-BF4B-00C04F79EFBC}") = "Tyuiu.GrebenschikovAA.Sprint3.Task5.V10", "Tyuiu.GrebenschikovAA.Sprint3.Task5.V10\Tyuiu.GrebenschikovAA.Sprint3.Task5.V10.csproj", "{2F4B6E0B-3270-4078-9334-7DA9412D4946}"
EndProject
Project("{FAE04EC0-301F-11D3-BF4B-00C04F79EFBC}") = "Tyuiu.GrebenschikovAA.Sprint3.Task5.V10.Lib", "Tyuiu.GrebenschikovAA.Sprint3.Task5.V10.Lib\Tyuiu.GrebenschikovAA.Sprint3.Task5.V10.Lib.csproj", "{F1F4BFC4-224B-47D1-A791-7E1C4E291548}"
EndProject
Global
	GlobalSection(SolutionConfigurationPlatforms) = preSolution
		Debug|Any CPU = Debug|Any CPU
		Release|Any CPU = Release|Any CPU
	EndGlobalSection
	GlobalSection(ProjectConfigurationPlatforms) = postSolution
		{99BECF59-57D8-4F21-9B6A-AB694A6B365F}.Debug|Any CPU.ActiveCfg = Debug|Any CPU
		{99BECF59-57D8-4F21-9B6A-AB694A6B365F}.Debug|Any CPU.Build.0 = Debug|Any CPU
		{99BECF59-57D8-4F21-9B6A-AB694A6B365F}.Release|Any CPU.ActiveCfg = Release|Any CPU
		{99BECF59-57D8-4F21-9B6A-AB694A6B365F}.Release|Any CPU.Build.0 = Release|Any CPU
		{9CF81244-9601-45DC-99AA-41F6713CA1F9}.Debug|Any CPU.ActiveCfg = Debug|Any CPU
		{9CF81244-9601-45DC-99AA-41F6713CA1F9}.Debug|Any CPU.Build.0 = Debug|Any CPU
		{9CF81244-9601-45DC-99AA-41F6713CA1F9}.Release|Any CPU.ActiveCfg = Release|Any CPU
		{9CF81244-9601-45DC-99AA-41F6713CA1F9}.Release|Any CPU.Build.0 = Release|Any CPU
		{105AACEA-160A-4F64-B67D-9F2A4CA01C5B}.Debug|Any CPU.ActiveCfg = Debug|Any CPU
		{105AACEA-160A-4F64-B67D-9F2A4CA01C5B}.Debug|Any CPU.Build.0 = Debug|Any CPU
		{105AACEA-160A-4F64-B67D-9F2A4CA01C5B}.Release|Any CPU.ActiveCfg = Release|Any CPU
		{105AACEA-160A-4F64-B67D-9F2A4CA01C5B}.Release|Any CPU.Build.0 = Release|Any CPU
		{6E0109C9-1F07-49D6-ABF3-30B2F6471F7D}.Debug|Any CPU.ActiveCfg = Debug|Any CPU
		{6E0109C9-1F07-49D6-ABF3-30B2F6471F7D}.Debug|Any CPU.Build.0 = Debug|Any CPU
		{6E0109C9-1F07-49D6-ABF3-30B2F6471F7D}.Release|Any CPU.ActiveCfg = Release|Any CPU
		{6E0109C9-1F07-49D6-ABF3-30B2F6471F7D}.Release|Any CPU.Build.0 = Release|Any CPU
		{6B3099A4-AE59-4A0E-BA4B-640B5B2D573E}.Debug|Any CPU.ActiveCfg = Debug|Any CPU
		{6B3099A4-AE59-4A0E-BA4B-640B5B2D573E}.Debug|Any CPU.Build.0 = Debug|Any CPU
		{6B3099A4-AE59-4A0E-BA4B-640B5B2D573E}.Release|Any CPU.ActiveCfg = Release|Any CPU
		{6B3099A4-AE59-4A0E-BA4B-640B5B2D573E}.Release|Any CPU.Build.0 = Release|Any CPU
		{BE5AF369-40F6-46AC-BB64-D40A9F0445FD}.Debug|Any CPU.ActiveCfg = Debug|Any CPU
		{BE5AF369-40F6-46AC-BB64-D40A9F0445FD}.Debug|Any CPU.Build.0 = Debug|Any CPU
		{BE5AF369-40F6-46AC-BB64-D40A9F0445FD}.Release|Any CPU.ActiveCfg = Release|Any CPU
		{BE5AF369-40F6-46AC-BB64-D40A9F0445FD}.Release|Any CPU.Build.0 = Release|Any CPU
		{E90170E9-F9DE-4DE4-8770-A38DE51D586F}.Debug|Any CPU.ActiveCfg = Debug|Any CPU
		{E90170E9-F9DE-4DE4-8770-A38DE51D586F}.Debug|Any CPU.Build.0 = Debug|Any CPU
		{E90170E9-F9DE-4DE4-8770-A38DE51D586F}.Release|Any CPU.ActiveCfg = Release|Any CPU
		{E90170E9-F9DE-4DE4-8770-A38DE51D586F}.Release|Any CPU.Build.0 = Release|Any CPU
		{571049D8-5F04-4A0D-8233-96BDE02EECE6}.Debug|Any CPU.ActiveCfg = Debug|Any CPU
		{571049D8-5F04-4A0D-8233-96BDE02EECE6}.Debug|Any CPU.Build.0 = Debug|Any CPU
		{571049D8-5F04-4A0D-8233-96BDE02EECE6}.Release|Any CPU.ActiveCfg = Release|Any CPU
		{571049D8-5F04-4A0D-8233-96BDE02EECE6}.Release|Any CPU.Build.0 = Release|Any CPU
		{849C6265-5D57-4220-BCAD-DF80EAC59C16}.Debug|Any CPU.ActiveCfg = Debug|Any CPU
		{849C6265-5D57-4220-BCAD-DF80EAC59C16}.Debug|Any CPU.Build.0 = Debug|Any CPU
		{849C6265-5D57-4220-BCAD-DF80EAC59C16}.Release|Any CPU.ActiveCfg = Release|Any CPU
		{849C6265-5D57-4220-BCAD-DF80EAC59C16}.Release|Any CPU.Build.0 = Release|Any CPU
		{08D787B3-72EB-4476-BFC2-284E4C43643C}.Debug|Any CPU.ActiveCfg = Debug|Any CPU
		{08D787B3-72EB-4476-BFC2-284E4C43643C}.Debug|Any CPU.Build.0 = Debug|Any CPU
		{08D787B3-72EB-4476-BFC2-284E4C43643C}.Release|Any CPU.ActiveCfg = Release|Any CPU
		{08D787B3-72EB-4476-BFC2-284E4C43643C}.Release|Any CPU.Build.0 = Release|Any CPU
		{17D2FF04-E3F3-4650-9780-7FC1816B3B03}.Debug|Any CPU.ActiveCfg = Debug|Any CPU
		{17D2FF04-E3F3-4650-9780-7FC1816B3B03}.Debug|Any CPU.Build.0 = Debug|Any CPU
		{17D2FF04-E3F3-4650-9780-7FC1816B3B03}.Release|Any CPU.ActiveCfg = Release|Any CPU
		{17D2FF04-E3F3-4650-9780-7FC1816B3B03}.Release|Any CPU.Build.0 = Release|Any CPU
		{5CBEF8C0-0783-4BB8-9E12-3F53F8E5D9A5}.Debug|Any CPU.ActiveCfg = Debug|Any CPU
		{5CBEF8C0-0783-4BB8-9E12-3F53F8E5D9A5}.Debug|Any CPU.Build.0 = Debug|Any CPU
		{5CBEF8C0-0783-4BB8-9E12-3F53F8E5D9A5}.Release|Any CPU.ActiveCfg = Release|Any CPU
		{5CBEF8C0-0783-4BB8-9E12-3F53F8E5D9A5}.Release|Any CPU.Build.0 = Release|Any CPU
		{7EA40BB2-143D-42F1-80E4-B7B847E9D994}.Debug|Any CPU.ActiveCfg = Debug|Any CPU
		{7EA40BB2-143D-42F1-80E4-B7B847E9D994}.Debug|Any CPU.Build.0 = Debug|Any CPU
		{7EA40BB2-143D-42F1-80E4-B7B847E9D994}.Release|Any CPU.ActiveCfg = Release|Any CPU
		{7EA40BB2-143D-42F1-80E4-B7B847E9D994}.Release|Any CPU.Build.0 = Release|Any CPU
		{91F50F82-6A16-40BD-9A15-5B7218FAABEB}.Debug|Any CPU.ActiveCfg = Debug|Any CPU
		{91F50F82-6A16-40BD-9A15-5B7218FAABEB}.Debug|Any CPU.Build.0 = Debug|Any CPU
		{91F50F82-6A16-40BD-9A15-5B7218FAABEB}.Release|Any CPU.ActiveCfg = Release|Any CPU
		{91F50F82-6A16-40BD-9A15-5B7218FAABEB}.Release|Any CPU.Build.0 = Release|Any CPU
		{B6D6E8DC-7CEC-40B3-9B57-E5BB629934E6}.Debug|Any CPU.ActiveCfg = Debug|Any CPU
		{B6D6E8DC-7CEC-40B3-9B57-E5BB629934E6}.Debug|Any CPU.Build.0 = Debug|Any CPU
		{B6D6E8DC-7CEC-40B3-9B57-E5BB629934E6}.Release|Any CPU.ActiveCfg = Release|Any CPU
		{B6D6E8DC-7CEC-40B3-9B57-E5BB629934E6}.Release|Any CPU.Build.0 = Release|Any CPU
		{77221038-F6C9-47E0-AAA9-8F445A122394}.Debug|Any CPU.ActiveCfg = Debug|Any CPU
		{77221038-F6C9-47E0-AAA9-8F445A122394}.Debug|Any CPU.Build.0 = Debug|Any CPU
		{77221038-F6C9-47E0-AAA9-8F445A122394}.Release|Any CPU.ActiveCfg = Release|Any CPU
		{77221038-F6C9-47E0-AAA9-8F445A122394}.Release|Any CPU.Build.0 = Release|Any CPU
		{2F4B6E0B-3270-4078-9334-7DA9412D4946}.Debug|Any CPU.ActiveCfg = Debug|Any CPU
		{2F4B6E0B-3270-4078-9334-7DA9412D4946}.Debug|Any CPU.Build.0 = Debug|Any CPU
		{2F4B6E0B-3270-4078-9334-7DA9412D4946}.Release|Any CPU.ActiveCfg = Release|Any CPU
		{2F4B6E0B-3270-4078-9334-7DA9412D4946}.Release|Any CPU.Build.0 = Release|Any CPU
		{F1F4BFC4-224B-47D1-A791-7E1C4E291548}.Debug|Any CPU.ActiveCfg = Debug|Any CPU
		{F1F4BFC4-224B-47D1-A791-7E1C4E291548}.Debug|Any CPU.Build.0 = Debug|Any CPU
		{F1F4BFC4-224B-47D1-A791-7E1C4E291548}.Release|Any CPU.ActiveCfg = Release|Any CPU
		{F1F4BFC4-224B-47D1-A791-7E1C4E291548}.Release|Any CPU.Build.0 = Release|Any CPU
	EndGlobalSection
	GlobalSection(SolutionProperties) = preSolution
		HideSolutionNode = FALSE
	EndGlobalSection
	GlobalSection(NestedProjects) = preSolution
		{99BECF59-57D8-4F21-9B6A-AB694A6B365F} = {16AFCCD3-5AFA-415C-BDCD-F8A11A93BF98}
		{9CF81244-9601-45DC-99AA-41F6713CA1F9} = {16AFCCD3-5AFA-415C-BDCD-F8A11A93BF98}
		{105AACEA-160A-4F64-B67D-9F2A4CA01C5B} = {16AFCCD3-5AFA-415C-BDCD-F8A11A93BF98}
		{6E0109C9-1F07-49D6-ABF3-30B2F6471F7D} = {4E7807C4-D1D7-4BC6-B81E-B7D0BD2A193C}
		{6B3099A4-AE59-4A0E-BA4B-640B5B2D573E} = {4E7807C4-D1D7-4BC6-B81E-B7D0BD2A193C}
		{BE5AF369-40F6-46AC-BB64-D40A9F0445FD} = {4E7807C4-D1D7-4BC6-B81E-B7D0BD2A193C}
		{E90170E9-F9DE-4DE4-8770-A38DE51D586F} = {58C8640A-A173-4BEA-9386-3E1C8222F4B3}
		{571049D8-5F04-4A0D-8233-96BDE02EECE6} = {58C8640A-A173-4BEA-9386-3E1C8222F4B3}
		{849C6265-5D57-4220-BCAD-DF80EAC59C16} = {58C8640A-A173-4BEA-9386-3E1C8222F4B3}
		{08D787B3-72EB-4476-BFC2-284E4C43643C} = {B6159023-2E2E-4AFB-AEE9-E37FC491A362}
		{17D2FF04-E3F3-4650-9780-7FC1816B3B03} = {B6159023-2E2E-4AFB-AEE9-E37FC491A362}
		{5CBEF8C0-0783-4BB8-9E12-3F53F8E5D9A5} = {B6159023-2E2E-4AFB-AEE9-E37FC491A362}
		{7EA40BB2-143D-42F1-80E4-B7B847E9D994} = {50E7B7FF-B99F-4AE6-B8BA-F4C69ED43A05}
		{91F50F82-6A16-40BD-9A15-5B7218FAABEB} = {50E7B7FF-B99F-4AE6-B8BA-F4C69ED43A05}
		{B6D6E8DC-7CEC-40B3-9B57-E5BB629934E6} = {50E7B7FF-B99F-4AE6-B8BA-F4C69ED43A05}
		{77221038-F6C9-47E0-AAA9-8F445A122394} = {B6EAA933-12C6-4857-AEAE-C7EFBA87666E}
		{2F4B6E0B-3270-4078-9334-7DA9412D4946} = {B6EAA933-12C6-4857-AEAE-C7EFBA87666E}
		{F1F4BFC4-224B-47D1-A791-7E1C4E291548} = {B6EAA933-12C6-4857-AEAE-C7EFBA87666E}
	EndGlobalSection
	GlobalSection(ExtensibilityGlobals) = postSolution
		SolutionGuid = {B6BDD5CE-A189-4D07-8861-BCDB4B95AD3F}
	EndGlobalSection
EndGlobal
